
Microsoft Visual Studio Solution File, Format Version 12.00
# Visual Studio Version 16
VisualStudioVersion = 16.0.30309.148
MinimumVisualStudioVersion = 10.0.40219.1
Project("{2150E333-8FDC-42A3-9474-1A3956D46DE8}") = "src", "src", "{FFD2A2CB-5E95-463F-BCF1-E7EF97BF2979}"
EndProject
Project("{2150E333-8FDC-42A3-9474-1A3956D46DE8}") = "test", "test", "{1A1D04B8-D987-4423-BA2E-724031162B78}"
EndProject
Project("{FAE04EC0-301F-11D3-BF4B-00C04F79EFBC}") = "Epilepsy_Helath_App.Api", "Epilepsy_Helath_App.Api\Epilepsy_Helath_App.Api.csproj", "{CBBC934E-593E-4B5A-96A3-6376E903D884}"
EndProject
Project("{FAE04EC0-301F-11D3-BF4B-00C04F79EFBC}") = "Epilepsy_Helath_App.Core", "Epilepsy_Helath_App.Core\Epilepsy_Helath_App.Core.csproj", "{205C47A4-4DE9-4040-A1E9-2E71BBE0B0B4}"
EndProject
Project("{FAE04EC0-301F-11D3-BF4B-00C04F79EFBC}") = "Epilepsy_Helath_App.Application", "Epilepsy_Helath_App.Application\Epilepsy_Helath_App.Application.csproj", "{B1DE1FF3-EDFE-4A0B-B19F-9E8CFBCE4192}"
EndProject
Project("{FAE04EC0-301F-11D3-BF4B-00C04F79EFBC}") = "Epilepsy_Helath_App.Infrastructure", "Epilepsy_Helath_App.Infrastructure\Epilepsy_Helath_App.Infrastructure.csproj", "{0E5A6378-E77E-472F-B3E7-7EB3AB8DFCEF}"
EndProject
Global
	GlobalSection(SolutionConfigurationPlatforms) = preSolution
		Debug|Any CPU = Debug|Any CPU
		Release|Any CPU = Release|Any CPU
	EndGlobalSection
	GlobalSection(ProjectConfigurationPlatforms) = postSolution
		{CBBC934E-593E-4B5A-96A3-6376E903D884}.Debug|Any CPU.ActiveCfg = Debug|Any CPU
		{CBBC934E-593E-4B5A-96A3-6376E903D884}.Debug|Any CPU.Build.0 = Debug|Any CPU
		{CBBC934E-593E-4B5A-96A3-6376E903D884}.Release|Any CPU.ActiveCfg = Release|Any CPU
		{CBBC934E-593E-4B5A-96A3-6376E903D884}.Release|Any CPU.Build.0 = Release|Any CPU
		{205C47A4-4DE9-4040-A1E9-2E71BBE0B0B4}.Debug|Any CPU.ActiveCfg = Debug|Any CPU
		{205C47A4-4DE9-4040-A1E9-2E71BBE0B0B4}.Debug|Any CPU.Build.0 = Debug|Any CPU
		{205C47A4-4DE9-4040-A1E9-2E71BBE0B0B4}.Release|Any CPU.ActiveCfg = Release|Any CPU
		{205C47A4-4DE9-4040-A1E9-2E71BBE0B0B4}.Release|Any CPU.Build.0 = Release|Any CPU
		{B1DE1FF3-EDFE-4A0B-B19F-9E8CFBCE4192}.Debug|Any CPU.ActiveCfg = Debug|Any CPU
		{B1DE1FF3-EDFE-4A0B-B19F-9E8CFBCE4192}.Debug|Any CPU.Build.0 = Debug|Any CPU
		{B1DE1FF3-EDFE-4A0B-B19F-9E8CFBCE4192}.Release|Any CPU.ActiveCfg = Release|Any CPU
		{B1DE1FF3-EDFE-4A0B-B19F-9E8CFBCE4192}.Release|Any CPU.Build.0 = Release|Any CPU
		{0E5A6378-E77E-472F-B3E7-7EB3AB8DFCEF}.Debug|Any CPU.ActiveCfg = Debug|Any CPU
		{0E5A6378-E77E-472F-B3E7-7EB3AB8DFCEF}.Debug|Any CPU.Build.0 = Debug|Any CPU
		{0E5A6378-E77E-472F-B3E7-7EB3AB8DFCEF}.Release|Any CPU.ActiveCfg = Release|Any CPU
		{0E5A6378-E77E-472F-B3E7-7EB3AB8DFCEF}.Release|Any CPU.Build.0 = Release|Any CPU
	EndGlobalSection
	GlobalSection(SolutionProperties) = preSolution
		HideSolutionNode = FALSE
	EndGlobalSection
	GlobalSection(NestedProjects) = preSolution
		{CBBC934E-593E-4B5A-96A3-6376E903D884} = {FFD2A2CB-5E95-463F-BCF1-E7EF97BF2979}
		{205C47A4-4DE9-4040-A1E9-2E71BBE0B0B4} = {FFD2A2CB-5E95-463F-BCF1-E7EF97BF2979}
		{B1DE1FF3-EDFE-4A0B-B19F-9E8CFBCE4192} = {FFD2A2CB-5E95-463F-BCF1-E7EF97BF2979}
		{0E5A6378-E77E-472F-B3E7-7EB3AB8DFCEF} = {FFD2A2CB-5E95-463F-BCF1-E7EF97BF2979}
	EndGlobalSection
	GlobalSection(ExtensibilityGlobals) = postSolution
		SolutionGuid = {D574335A-F21F-443C-82B3-8FEE2B0C0362}
	EndGlobalSection
EndGlobal
