
Microsoft Visual Studio Solution File, Format Version 12.00
# Visual Studio Version 16
VisualStudioVersion = 16.0.30309.148
MinimumVisualStudioVersion = 10.0.40219.1
Project("{2150E333-8FDC-42A3-9474-1A3956D46DE8}") = "src", "src", "{47DD3A56-C9BE-4FDF-96D8-A2C72E143B9E}"
EndProject
Project("{2150E333-8FDC-42A3-9474-1A3956D46DE8}") = "test", "test", "{EAF5FFB2-6AF3-4395-ADB4-B7CE5E8FBEE1}"
EndProject
Project("{FAE04EC0-301F-11D3-BF4B-00C04F79EFBC}") = "Epilepsy_Health_App.Api", "Epilepsy_Health_App.Api\Epilepsy_Health_App.Api.csproj", "{349077F0-A8EF-463B-9AB5-3E7427913C6D}"
EndProject
Project("{FAE04EC0-301F-11D3-BF4B-00C04F79EFBC}") = "Epilepsy_Health_App.Core", "Epilepsy_Health_App.Core\Epilepsy_Health_App.Core.csproj", "{F632B340-134F-4B28-8BC8-45BE2CEB70F5}"
EndProject
Project("{FAE04EC0-301F-11D3-BF4B-00C04F79EFBC}") = "Epilepsy_Health_App.Application", "Epilepsy_Health_App.Application\Epilepsy_Health_App.Application.csproj", "{2C5E01E8-EAC2-4CF4-80F2-152C0FD569BF}"
EndProject
Project("{FAE04EC0-301F-11D3-BF4B-00C04F79EFBC}") = "Epilepsy_Health_App.Infrastructure", "Epilepsy_Health_App.Infrastructure\Epilepsy_Health_App.Infrastructure.csproj", "{2A05EAE1-A11D-482B-BBF8-5DF0AFBE3307}"
EndProject
Project("{FAE04EC0-301F-11D3-BF4B-00C04F79EFBC}") = "Epilepsy_Health_App.Tests.Unit", "Epilepsy_Health_App.Tests.Unit\Epilepsy_Health_App.Tests.Unit.csproj", "{5588C865-3B83-465E-A1A9-7FEC3201EE1B}"
EndProject
Global
	GlobalSection(SolutionConfigurationPlatforms) = preSolution
		Debug|Any CPU = Debug|Any CPU
		Release|Any CPU = Release|Any CPU
	EndGlobalSection
	GlobalSection(ProjectConfigurationPlatforms) = postSolution
		{349077F0-A8EF-463B-9AB5-3E7427913C6D}.Debug|Any CPU.ActiveCfg = Debug|Any CPU
		{349077F0-A8EF-463B-9AB5-3E7427913C6D}.Debug|Any CPU.Build.0 = Debug|Any CPU
		{349077F0-A8EF-463B-9AB5-3E7427913C6D}.Release|Any CPU.ActiveCfg = Release|Any CPU
		{349077F0-A8EF-463B-9AB5-3E7427913C6D}.Release|Any CPU.Build.0 = Release|Any CPU
		{F632B340-134F-4B28-8BC8-45BE2CEB70F5}.Debug|Any CPU.ActiveCfg = Debug|Any CPU
		{F632B340-134F-4B28-8BC8-45BE2CEB70F5}.Debug|Any CPU.Build.0 = Debug|Any CPU
		{F632B340-134F-4B28-8BC8-45BE2CEB70F5}.Release|Any CPU.ActiveCfg = Release|Any CPU
		{F632B340-134F-4B28-8BC8-45BE2CEB70F5}.Release|Any CPU.Build.0 = Release|Any CPU
		{2C5E01E8-EAC2-4CF4-80F2-152C0FD569BF}.Debug|Any CPU.ActiveCfg = Debug|Any CPU
		{2C5E01E8-EAC2-4CF4-80F2-152C0FD569BF}.Debug|Any CPU.Build.0 = Debug|Any CPU
		{2C5E01E8-EAC2-4CF4-80F2-152C0FD569BF}.Release|Any CPU.ActiveCfg = Release|Any CPU
		{2C5E01E8-EAC2-4CF4-80F2-152C0FD569BF}.Release|Any CPU.Build.0 = Release|Any CPU
		{2A05EAE1-A11D-482B-BBF8-5DF0AFBE3307}.Debug|Any CPU.ActiveCfg = Debug|Any CPU
		{2A05EAE1-A11D-482B-BBF8-5DF0AFBE3307}.Debug|Any CPU.Build.0 = Debug|Any CPU
		{2A05EAE1-A11D-482B-BBF8-5DF0AFBE3307}.Release|Any CPU.ActiveCfg = Release|Any CPU
		{2A05EAE1-A11D-482B-BBF8-5DF0AFBE3307}.Release|Any CPU.Build.0 = Release|Any CPU
		{5588C865-3B83-465E-A1A9-7FEC3201EE1B}.Debug|Any CPU.ActiveCfg = Debug|Any CPU
		{5588C865-3B83-465E-A1A9-7FEC3201EE1B}.Debug|Any CPU.Build.0 = Debug|Any CPU
		{5588C865-3B83-465E-A1A9-7FEC3201EE1B}.Release|Any CPU.ActiveCfg = Release|Any CPU
		{5588C865-3B83-465E-A1A9-7FEC3201EE1B}.Release|Any CPU.Build.0 = Release|Any CPU
	EndGlobalSection
	GlobalSection(SolutionProperties) = preSolution
		HideSolutionNode = FALSE
	EndGlobalSection
	GlobalSection(NestedProjects) = preSolution
		{349077F0-A8EF-463B-9AB5-3E7427913C6D} = {47DD3A56-C9BE-4FDF-96D8-A2C72E143B9E}
		{F632B340-134F-4B28-8BC8-45BE2CEB70F5} = {47DD3A56-C9BE-4FDF-96D8-A2C72E143B9E}
		{2C5E01E8-EAC2-4CF4-80F2-152C0FD569BF} = {47DD3A56-C9BE-4FDF-96D8-A2C72E143B9E}
		{2A05EAE1-A11D-482B-BBF8-5DF0AFBE3307} = {47DD3A56-C9BE-4FDF-96D8-A2C72E143B9E}
		{5588C865-3B83-465E-A1A9-7FEC3201EE1B} = {EAF5FFB2-6AF3-4395-ADB4-B7CE5E8FBEE1}
	EndGlobalSection
	GlobalSection(ExtensibilityGlobals) = postSolution
		SolutionGuid = {AD864EC2-E43D-4E61-BB13-7880C2E6DE99}
	EndGlobalSection
EndGlobal
